Microsoft Visual Studio Solution File, Format Version 8.00
Project("{FAE04EC0-301F-11D3-BF4B-00C04F79EFBC}") = "DotNetMagic", "DotNetMagic.csproj", "{3D70C1FB-0EF3-4E48-B90C-5932EB78BC14}"
	ProjectSection(ProjectDependencies) = postProject
	EndProjectSection
EndProject
Global
	GlobalSection(SolutionConfiguration) = preSolution
		Debug = Debug
		Demo = Demo
		Release = Release
	EndGlobalSection
	GlobalSection(ProjectConfiguration) = postSolution
		{3D70C1FB-0EF3-4E48-B90C-5932EB78BC14}.Debug.ActiveCfg = Debug|.NET
		{3D70C1FB-0EF3-4E48-B90C-5932EB78BC14}.Debug.Build.0 = Debug|.NET
		{3D70C1FB-0EF3-4E48-B90C-5932EB78BC14}.Demo.ActiveCfg = Release|.NET
		{3D70C1FB-0EF3-4E48-B90C-5932EB78BC14}.Demo.Build.0 = Release|.NET
		{3D70C1FB-0EF3-4E48-B90C-5932EB78BC14}.Release.ActiveCfg = Release|.NET
		{3D70C1FB-0EF3-4E48-B90C-5932EB78BC14}.Release.Build.0 = Release|.NET
	EndGlobalSection
	GlobalSection(ExtensibilityGlobals) = postSolution
	EndGlobalSection
	GlobalSection(ExtensibilityAddIns) = postSolution
	EndGlobalSection
	GlobalSection(DPCodeReviewSolutionGUID) = preSolution
		DPCodeReviewSolutionGUID = {00000000-0000-0000-0000-000000000000}
	EndGlobalSection
EndGlobal
